// !$*UTF8*$!
{
	archiveVersion = 1;
	classes = {
	};
	objectVersion = 46;
	objects = {

/* Begin PBXBuildFile section */
		18E839E31D8194BE00A2CA02 /* AppDelegate.swift in Sources */ = {isa = PBXBuildFile; fileRef = 18E839E21D8194BE00A2CA02 /* AppDelegate.swift */; };
		18E839E51D8194BE00A2CA02 /* GameScene.sks in Resources */ = {isa = PBXBuildFile; fileRef = 18E839E41D8194BE00A2CA02 /* GameScene.sks */; };
		18E839E71D8194BE00A2CA02 /* GameScene.swift in Sources */ = {isa = PBXBuildFile; fileRef = 18E839E61D8194BE00A2CA02 /* GameScene.swift */; };
		18E839E91D8194BE00A2CA02 /* GameViewController.swift in Sources */ = {isa = PBXBuildFile; fileRef = 18E839E81D8194BE00A2CA02 /* GameViewController.swift */; };
		18E839EC1D8194BE00A2CA02 /* Main.storyboard in Resources */ = {isa = PBXBuildFile; fileRef = 18E839EA1D8194BE00A2CA02 /* Main.storyboard */; };
		18E839EE1D8194BE00A2CA02 /* Assets.xcassets in Resources */ = {isa = PBXBuildFile; fileRef = 18E839ED1D8194BE00A2CA02 /* Assets.xcassets */; };
		18E839F11D8194BE00A2CA02 /* LaunchScreen.storyboard in Resources */ = {isa = PBXBuildFile; fileRef = 18E839EF1D8194BE00A2CA02 /* LaunchScreen.storyboard */; };
/* End PBXBuildFile section */

/* Begin PBXFileReference section */
		18E839DF1D8194BD00A2CA02 /* DemoGit.app */ = {isa = PBXFileReference; explicitFileType = wrapper.application; includeInIndex = 0; path = DemoGit.app; sourceTree = BUILT_PRODUCTS_DIR; };
		18E839E21D8194BE00A2CA02 /* AppDelegate.swift */ = {isa = PBXFileReference; lastKnownFileType = sourcecode.swift; path = AppDelegate.swift; sourceTree = "<group>"; };
		18E839E41D8194BE00A2CA02 /* GameScene.sks */ = {isa = PBXFileReference; lastKnownFileType = file.sks; path = GameScene.sks; sourceTree = "<group>"; };
		18E839E61D8194BE00A2CA02 /* GameScene.swift */ = {isa = PBXFileReference; lastKnownFileType = sourcecode.swift; path = GameScene.swift; sourceTree = "<group>"; };
		18E839E81D8194BE00A2CA02 /* GameViewController.swift */ = {isa = PBXFileReference; lastKnownFileType = sourcecode.swift; path = GameViewController.swift; sourceTree = "<group>"; };
		18E839EB1D8194BE00A2CA02 /* Base */ = {isa = PBXFileReference; lastKnownFileType = file.storyboard; name = Base; path = Base.lproj/Main.storyboard; sourceTree = "<group>"; };
		18E839ED1D8194BE00A2CA02 /* Assets.xcassets */ = {isa = PBXFileReference; lastKnownFileType = folder.assetcatalog; path = Assets.xcassets; sourceTree = "<group>"; };
		18E839F01D8194BE00A2CA02 /* Base */ = {isa = PBXFileReference; lastKnownFileType = file.storyboard; name = Base; path = Base.lproj/LaunchScreen.storyboard; sourceTree = "<group>"; };
		18E839F21D8194BE00A2CA02 /* Info.plist */ = {isa = PBXFileReference; lastKnownFileType = text.plist.xml; path = Info.plist; sourceTree = "<group>"; };
/* End PBXFileReference section */

/* Begin PBXFrameworksBuildPhase section */
		18E839DC1D8194BD00A2CA02 /* Frameworks */ = {
			isa = PBXFrameworksBuildPhase;
			buildActionMask = 2147483647;
			files = (
			);
			runOnlyForDeploymentPostprocessing = 0;
		};
/* End PBXFrameworksBuildPhase section */

/* Begin PBXGroup section */
		18E839D61D8194BD00A2CA02 = {
			isa = PBXGroup;
			children = (
				18E839E11D8194BE00A2CA02 /* DemoGit */,
				18E839E01D8194BD00A2CA02 /* Products */,
			);
			sourceTree = "<group>";
		};
		18E839E01D8194BD00A2CA02 /* Products */ = {
			isa = PBXGroup;
			children = (
				18E839DF1D8194BD00A2CA02 /* DemoGit.app */,
			);
			name = Products;
			sourceTree = "<group>";
		};
		18E839E11D8194BE00A2CA02 /* DemoGit */ = {
			isa = PBXGroup;
			children = (
				18E839E21D8194BE00A2CA02 /* AppDelegate.swift */,
				18E839E41D8194BE00A2CA02 /* GameScene.sks */,
				18E839E61D8194BE00A2CA02 /* GameScene.swift */,
				18E839E81D8194BE00A2CA02 /* GameViewController.swift */,
				18E839EA1D8194BE00A2CA02 /* Main.storyboard */,
				18E839ED1D8194BE00A2CA02 /* Assets.xcassets */,
				18E839EF1D8194BE00A2CA02 /* LaunchScreen.storyboard */,
				18E839F21D8194BE00A2CA02 /* Info.plist */,
			);
			path = DemoGit;
			sourceTree = "<group>";
		};
/* End PBXGroup section */

/* Begin PBXNativeTarget section */
		18E839DE1D8194BD00A2CA02 /* DemoGit */ = {
			isa = PBXNativeTarget;
			buildConfigurationList = 18E839F51D8194BE00A2CA02 /* Build configuration list for PBXNativeTarget "DemoGit" */;
			buildPhases = (
				18E839DB1D8194BD00A2CA02 /* Sources */,
				18E839DC1D8194BD00A2CA02 /* Frameworks */,
				18E839DD1D8194BD00A2CA02 /* Resources */,
			);
			buildRules = (
			);
			dependencies = (
			);
			name = DemoGit;
			productName = DemoGit;
			productReference = 18E839DF1D8194BD00A2CA02 /* DemoGit.app */;
			productType = "com.apple.product-type.application";
		};
/* End PBXNativeTarget section */

/* Begin PBXProject section */
		18E839D71D8194BD00A2CA02 /* Project object */ = {
			isa = PBXProject;
			attributes = {
				LastSwiftUpdateCheck = 0730;
				LastUpgradeCheck = 0730;
				ORGANIZATIONNAME = TechKids;
				TargetAttributes = {
					18E839DE1D8194BD00A2CA02 = {
						CreatedOnToolsVersion = 7.3.1;
					};
				};
			};
			buildConfigurationList = 18E839DA1D8194BD00A2CA02 /* Build configuration list for PBXProject "DemoGit" */;
			compatibilityVersion = "Xcode 3.2";
			developmentRegion = English;
			hasScannedForEncodings = 0;
			knownRegions = (
				en,
				Base,
			);
			mainGroup = 18E839D61D8194BD00A2CA02;
			productRefGroup = 18E839E01D8194BD00A2CA02 /* Products */;
			projectDirPath = "";
			projectRoot = "";
			targets = (
				18E839DE1D8194BD00A2CA02 /* DemoGit */,
			);
		};
/* End PBXProject section */

/* Begin PBXResourcesBuildPhase section */
		18E839DD1D8194BD00A2CA02 /* Resources */ = {
			isa = PBXResourcesBuildPhase;
			buildActionMask = 2147483647;
			files = (
				18E839E51D8194BE00A2CA02 /* GameScene.sks in Resources */,
				18E839F11D8194BE00A2CA02 /* LaunchScreen.storyboard in Resources */,
				18E839EE1D8194BE00A2CA02 /* Assets.xcassets in Resources */,
				18E839EC1D8194BE00A2CA02 /* Main.storyboard in Resources */,
			);
			runOnlyForDeploymentPostprocessing = 0;
		};
/* End PBXResourcesBuildPhase section */

/* Begin PBXSourcesBuildPhase section */
		18E839DB1D8194BD00A2CA02 /* Sources */ = {
			isa = PBXSourcesBuildPhase;
			buildActionMask = 2147483647;
			files = (
				18E839E71D8194BE00A2CA02 /* GameScene.swift in Sources */,
				18E839E91D8194BE00A2CA02 /* GameViewController.swift in Sources */,
				18E839E31D8194BE00A2CA02 /* AppDelegate.swift in Sources */,
			);
			runOnlyForDeploymentPostprocessing = 0;
		};
/* End PBXSourcesBuildPhase section */

/* Begin PBXVariantGroup section */
		18E839EA1D8194BE00A2CA02 /* Main.storyboard */ = {
			isa = PBXVariantGroup;
			children = (
				18E839EB1D8194BE00A2CA02 /* Base */,
			);
			name = Main.storyboard;
			sourceTree = "<group>";
		};
		18E839EF1D8194BE00A2CA02 /* LaunchScreen.storyboard */ = {
			isa = PBXVariantGroup;
			children = (
				18E839F01D8194BE00A2CA02 /* Base */,
			);
			name = LaunchScreen.storyboard;
			sourceTree = "<group>";
		};
/* End PBXVariantGroup section */

/* Begin XCBuildConfiguration section */
		18E839F31D8194BE00A2CA02 /* Debug */ = {
			isa = XCBuildConfiguration;
			buildSettings = {
				ALWAYS_SEARCH_USER_PATHS = NO;
				CLANG_ANALYZER_NONNULL = YES;
				CLANG_CXX_LANGUAGE_STANDARD = "gnu++0x";
				CLANG_CXX_LIBRARY = "libc++";
				CLANG_ENABLE_MODULES = YES;
				CLANG_ENABLE_OBJC_ARC = YES;
				CLANG_WARN_BOOL_CONVERSION = YES;
				CLANG_WARN_CONSTANT_CONVERSION = YES;
				CLANG_WARN_DIRECT_OBJC_ISA_USAGE = YES_ERROR;
				CLANG_WARN_EMPTY_BODY = YES;
				CLANG_WARN_ENUM_CONVERSION = YES;
				CLANG_WARN_INT_CONVERSION = YES;
				CLANG_WARN_OBJC_ROOT_CLASS = YES_ERROR;
				CLANG_WARN_UNREACHABLE_CODE = YES;
				CLANG_WARN__DUPLICATE_METHOD_MATCH = YES;
				"CODE_SIGN_IDENTITY[sdk=iphoneos*]" = "iPhone Developer";
				COPY_PHASE_STRIP = NO;
				DEBUG_INFORMATION_FORMAT = "dwarf-with-dsym";
				ENABLE_STRICT_OBJC_MSGSEND = YES;
				ENABLE_TESTABILITY = YES;
				GCC_C_LANGUAGE_STANDARD = gnu99;
				GCC_DYNAMIC_NO_PIC = NO;
				GCC_NO_COMMON_BLOCKS = YES;
				GCC_OPTIMIZATION_LEVEL = 0;
				GCC_PREPROCESSOR_DEFINITIONS = (
					"DEBUG=1",
					"$(inherited)",
				);
				GCC_WARN_64_TO_32_BIT_CONVERSION = YES;
				GCC_WARN_ABOUT_RETURN_TYPE = YES_ERROR;
				GCC_WARN_UNDECLARED_SELECTOR = YES;
				GCC_WARN_UNINITIALIZED_AUTOS = YES_AGGRESSIVE;
				GCC_WARN_UNUSED_FUNCTION = YES;
				GCC_WARN_UNUSED_VARIABLE = YES;
				IPHONEOS_DEPLOYMENT_TARGET = 9.3;
				MTL_ENABLE_DEBUG_INFO = YES;
				ONLY_ACTIVE_ARCH = YES;
				SDKROOT = iphoneos;
				SWIFT_OPTIMIZATION_LEVEL = "-Onone";
			};
			name = Debug;
		};
		18E839F41D8194BE00A2CA02 /* Release */ = {
			isa = XCBuildConfiguration;
			buildSettings = {
				ALWAYS_SEARCH_USER_PATHS = NO;
				CLANG_ANALYZER_NONNULL = YES;
				CLANG_CXX_LANGUAGE_STANDARD = "gnu++0x";
				CLANG_CXX_LIBRARY = "libc++";
				CLANG_ENABLE_MODULES = YES;
				CLANG_ENABLE_OBJC_ARC = YES;
				CLANG_WARN_BOOL_CONVERSION = YES;
				CLANG_WARN_CONSTANT_CONVERSION = YES;
				CLANG_WARN_DIRECT_OBJC_ISA_USAGE = YES_ERROR;
				CLANG_WARN_EMPTY_BODY = YES;
				CLANG_WARN_ENUM_CONVERSION = YES;
				CLANG_WARN_INT_CONVERSION = YES;
				CLANG_WARN_OBJC_ROOT_CLASS = YES_ERROR;
				CLANG_WARN_UNREACHABLE_CODE = YES;
				CLANG_WARN__DUPLICATE_METHOD_MATCH = YES;
				"CODE_SIGN_IDENTITY[sdk=iphoneos*]" = "iPhone Developer";
				COPY_PHASE_STRIP = NO;
				DEBUG_INFORMATION_FORMAT = "dwarf-with-dsym";
				ENABLE_NS_ASSERTIONS = NO;
				ENABLE_STRICT_OBJC_MSGSEND = YES;
				GCC_C_LANGUAGE_STANDARD = gnu99;
				GCC_NO_COMMON_BLOCKS = YES;
				GCC_WARN_64_TO_32_BIT_CONVERSION = YES;
				GCC_WARN_ABOUT_RETURN_TYPE = YES_ERROR;
				GCC_WARN_UNDECLARED_SELECTOR = YES;
				GCC_WARN_UNINITIALIZED_AUTOS = YES_AGGRESSIVE;
				GCC_WARN_UNUSED_FUNCTION = YES;
				GCC_WARN_UNUSED_VARIABLE = YES;
				IPHONEOS_DEPLOYMENT_TARGET = 9.3;
				MTL_ENABLE_DEBUG_INFO = NO;
				SDKROOT = iphoneos;
				VALIDATE_PRODUCT = YES;
			};
			name = Release;
		};
		18E839F61D8194BE00A2CA02 /* Debug */ = {
			isa = XCBuildConfiguration;
			buildSettings = {
				ASSETCATALOG_COMPILER_APPICON_NAME = AppIcon;
				INFOPLIST_FILE = DemoGit/Info.plist;
				LD_RUNPATH_SEARCH_PATHS = "$(inherited) @executable_path/Frameworks";
				PRODUCT_BUNDLE_IDENTIFIER = vn.techkids.DemoGit;
				PRODUCT_NAME = "$(TARGET_NAME)";
			};
			name = Debug;
		};
		18E839F71D8194BE00A2CA02 /* Release */ = {
			isa = XCBuildConfiguration;
			buildSettings = {
				ASSETCATALOG_COMPILER_APPICON_NAME = AppIcon;
				INFOPLIST_FILE = DemoGit/Info.plist;
				LD_RUNPATH_SEARCH_PATHS = "$(inherited) @executable_path/Frameworks";
				PRODUCT_BUNDLE_IDENTIFIER = vn.techkids.DemoGit;
				PRODUCT_NAME = "$(TARGET_NAME)";
			};
			name = Release;
		};
/* End XCBuildConfiguration section */

/* Begin XCConfigurationList section */
		18E839DA1D8194BD00A2CA02 /* Build configuration list for PBXProject "DemoGit" */ = {
			isa = XCConfigurationList;
			buildConfigurations = (
				18E839F31D8194BE00A2CA02 /* Debug */,
				18E839F41D8194BE00A2CA02 /* Release */,
			);
			defaultConfigurationIsVisible = 0;
			defaultConfigurationName = Release;
		};
		18E839F51D8194BE00A2CA02 /* Build configuration list for PBXNativeTarget "DemoGit" */ = {
			isa = XCConfigurationList;
			buildConfigurations = (
				18E839F61D8194BE00A2CA02 /* Debug */,
				18E839F71D8194BE00A2CA02 /* Release */,
			);
			defaultConfigurationIsVisible = 0;
		};
/* End XCConfigurationList section */
	};
	rootObject = 18E839D71D8194BD00A2CA02 /* Project object */;
}
